
Microsoft Visual Studio Solution File, Format Version 12.00
# Visual Studio Version 16
VisualStudioVersion = 16.0.30204.135
MinimumVisualStudioVersion = 10.0.40219.1
Project("{FAE04EC0-301F-11D3-BF4B-00C04F79EFBC}") = "sample_2_5", "sample_2_5\sample_2_5.csproj", "{89F5AC5F-20A8-4537-9D15-B504A25098DC}"
EndProject
Global
	GlobalSection(SolutionConfigurationPlatforms) = preSolution
		Debug|Any CPU = Debug|Any CPU
		Release|Any CPU = Release|Any CPU
	EndGlobalSection
	GlobalSection(ProjectConfigurationPlatforms) = postSolution
		{89F5AC5F-20A8-4537-9D15-B504A25098DC}.Debug|Any CPU.ActiveCfg = Debug|Any CPU
		{89F5AC5F-20A8-4537-9D15-B504A25098DC}.Debug|Any CPU.Build.0 = Debug|Any CPU
		{89F5AC5F-20A8-4537-9D15-B504A25098DC}.Release|Any CPU.ActiveCfg = Release|Any CPU
		{89F5AC5F-20A8-4537-9D15-B504A25098DC}.Release|Any CPU.Build.0 = Release|Any CPU
	EndGlobalSection
	GlobalSection(SolutionProperties) = preSolution
		HideSolutionNode = FALSE
	EndGlobalSection
	GlobalSection(ExtensibilityGlobals) = postSolution
		SolutionGuid = {1A405C0F-8FC5-49DF-859E-6C972EB5A829}
	EndGlobalSection
EndGlobal
